<?xml version="1.0" encoding="utf-8"?>
<Project ToolsVersion="4.0" xmlns="http://schemas.microsoft.com/developer/msbuild/2003">
  <ItemGroup>
    <Filter Include="Исходные файлы">
      <UniqueIdentifier>{4FC737F1-C7A5-4376-A066-2A32D752A2FF}</UniqueIdentifier>
      <Extensions>cpp;c;cc;cxx;c++;cppm;ixx;def;odl;idl;hpj;bat;asm;asmx</Extensions>
    </Filter>
    <Filter Include="Файлы заголовков">
      <UniqueIdentifier>{93995380-89BD-4b04-88EB-625FBE52EBFB}</UniqueIdentifier>
      <Extensions>h;hh;hpp;hxx;h++;hm;inl;inc;ipp;xsd</Extensions>
    </Filter>
    <Filter Include="Файлы ресурсов">
      <UniqueIdentifier>{67DA6AB6-F800-4c08-8B7A-83BB121AAD01}</UniqueIdentifier>
      <Extensions>rc;ico;cur;bmp;dlg;rc2;rct;bin;rgs;gif;jpg;jpeg;jpe;resx;tiff;tif;png;wav;mfcribbon-ms</Extensions>
    </Filter>
    <Filter Include="formatPE">
      <UniqueIdentifier>{fbecf92d-3825-4a95-a7ab-d6a1cfbb66ef}</UniqueIdentifier>
    </Filter>
    <Filter Include="formatPE\Pe">
      <UniqueIdentifier>{61e260c6-3cd2-4b1b-9e4d-2aae5252328d}</UniqueIdentifier>
    </Filter>
    <Filter Include="formatPE\Pdb">
      <UniqueIdentifier>{ab526770-9c50-4c69-9d1f-fa40746f7860}</UniqueIdentifier>
    </Filter>
  </ItemGroup>
  <ItemGroup>
    <ClCompile Include="PeTests.cpp">
      <Filter>Исходные файлы</Filter>
    </ClCompile>
    <ClCompile Include="..\formatPE\Pdb\Pdb.cpp">
      <Filter>formatPE\Pdb</Filter>
    </ClCompile>
    <ClCompile Include="..\formatPE\Pdb\SymLoader.cpp">
      <Filter>formatPE\Pdb</Filter>
    </ClCompile>
  </ItemGroup>
  <ItemGroup>
    <ClInclude Include="..\formatPE\Pdb\Pdb.h">
      <Filter>formatPE\Pdb</Filter>
    </ClInclude>
    <ClInclude Include="..\formatPE\Pe\Pe.hpp">
      <Filter>formatPE\Pe</Filter>
    </ClInclude>
    <ClInclude Include="..\formatPE\Pdb\SymLoader.h">
      <Filter>formatPE\Pdb</Filter>
    </ClInclude>
  </ItemGroup>
</Project>